
Microsoft Visual Studio Solution File, Format Version 12.00
# Visual Studio 15
VisualStudioVersion = 15.0.27205.2004
MinimumVisualStudioVersion = 10.0.40219.1
Project("{FAE04EC0-301F-11D3-BF4B-00C04F79EFBC}") = "LinqDemo", "LinqDemo\LinqDemo.csproj", "{28634236-230D-4A67-B805-C06300265F25}"
EndProject
Global
	GlobalSection(SolutionConfigurationPlatforms) = preSolution
		Debug|Any CPU = Debug|Any CPU
		Release|Any CPU = Release|Any CPU
	EndGlobalSection
	GlobalSection(ProjectConfigurationPlatforms) = postSolution
		{28634236-230D-4A67-B805-C06300265F25}.Debug|Any CPU.ActiveCfg = Debug|Any CPU
		{28634236-230D-4A67-B805-C06300265F25}.Debug|Any CPU.Build.0 = Debug|Any CPU
		{28634236-230D-4A67-B805-C06300265F25}.Release|Any CPU.ActiveCfg = Release|Any CPU
		{28634236-230D-4A67-B805-C06300265F25}.Release|Any CPU.Build.0 = Release|Any CPU
	EndGlobalSection
	GlobalSection(SolutionProperties) = preSolution
		HideSolutionNode = FALSE
	EndGlobalSection
	GlobalSection(ExtensibilityGlobals) = postSolution
		SolutionGuid = {F2AFBADE-DC27-4241-B7C2-5D9C90F9CFE4}
	EndGlobalSection
EndGlobal
